
Microsoft Visual Studio Solution File, Format Version 12.00
# Visual Studio Version 17
VisualStudioVersion = 17.10.35027.167
MinimumVisualStudioVersion = 10.0.40219.1
Project("{FAE04EC0-301F-11D3-BF4B-00C04F79EFBC}") = "ShoeMart", "ShoeMart.csproj", "{8C7429FE-937B-4EB3-A446-5363841F4E8A}"
EndProject
Global
	GlobalSection(SolutionConfigurationPlatforms) = preSolution
		Debug|Any CPU = Debug|Any CPU
		Release|Any CPU = Release|Any CPU
	EndGlobalSection
	GlobalSection(ProjectConfigurationPlatforms) = postSolution
		{8C7429FE-937B-4EB3-A446-5363841F4E8A}.Debug|Any CPU.ActiveCfg = Debug|Any CPU
		{8C7429FE-937B-4EB3-A446-5363841F4E8A}.Debug|Any CPU.Build.0 = Debug|Any CPU
		{8C7429FE-937B-4EB3-A446-5363841F4E8A}.Release|Any CPU.ActiveCfg = Release|Any CPU
		{8C7429FE-937B-4EB3-A446-5363841F4E8A}.Release|Any CPU.Build.0 = Release|Any CPU
	EndGlobalSection
	GlobalSection(SolutionProperties) = preSolution
		HideSolutionNode = FALSE
	EndGlobalSection
	GlobalSection(ExtensibilityGlobals) = postSolution
		SolutionGuid = {C77C1C1C-8708-440D-8868-61F36CC633AE}
	EndGlobalSection
EndGlobal
